{
  "name": "sn-e-barcode",
  "version": "1.0.0",
  "lockfileVersion": 3,
  "requires": true,
  "packages": {
    "": {
      "version": "1.0.0",
      "dependencies": {
        "@bwip-js/browser": "^4.5.1"
      },
      "engines": {
        "HBuilderX": "^3.7.0"
      }
    },
    "node_modules/@bwip-js/browser": {
      "version": "4.5.1",
      "resolved": "https://registry.npmmirror.com/@bwip-js/browser/-/browser-4.5.1.tgz",
      "integrity": "sha512-gtlafU6rRVDvrCz1L4ewpCteFrHGfUI4bxTKhksOFjrBOU3/P8pEy63PB2spyz+lwBf3IblAN/LEPW6Cf90hfA==",
      "license": "MIT"
    }
  }
}
